
Microsoft Visual Studio Solution File, Format Version 12.00
# Visual Studio 14
VisualStudioVersion = 14.0.25420.1
MinimumVisualStudioVersion = 10.0.40219.1
Project("{F2A71F9B-5D33-465A-A702-920D77279786}") = "MusicStore", "MusicStore\MusicStore.fsproj", "{3649F43F-44DA-40B1-8005-EDC736B9DAEA}"
EndProject
Project("{F2A71F9B-5D33-465A-A702-920D77279786}") = "MusicStore.Test.Unit", "MusicStore.Test.Unit\MusicStore.Test.Unit.fsproj", "{02E1B10F-042B-4424-97AC-E13FA4B075CA}"
EndProject
Project("{2150E333-8FDC-42A3-9474-1A3956D46DE8}") = "Build", "Build", "{9CD92538-BA0E-4AC3-BD98-6D3875E0BC84}"
	ProjectSection(SolutionItems) = preProject
		build.cmd = build.cmd
		build.fsx = build.fsx
		runTests.cmd = runTests.cmd
	EndProjectSection
EndProject
Global
	GlobalSection(SolutionConfigurationPlatforms) = preSolution
		Debug|Any CPU = Debug|Any CPU
		Release|Any CPU = Release|Any CPU
	EndGlobalSection
	GlobalSection(ProjectConfigurationPlatforms) = postSolution
		{3649F43F-44DA-40B1-8005-EDC736B9DAEA}.Debug|Any CPU.ActiveCfg = Debug|Any CPU
		{3649F43F-44DA-40B1-8005-EDC736B9DAEA}.Debug|Any CPU.Build.0 = Debug|Any CPU
		{3649F43F-44DA-40B1-8005-EDC736B9DAEA}.Release|Any CPU.ActiveCfg = Release|Any CPU
		{3649F43F-44DA-40B1-8005-EDC736B9DAEA}.Release|Any CPU.Build.0 = Release|Any CPU
		{02E1B10F-042B-4424-97AC-E13FA4B075CA}.Debug|Any CPU.ActiveCfg = Debug|Any CPU
		{02E1B10F-042B-4424-97AC-E13FA4B075CA}.Debug|Any CPU.Build.0 = Debug|Any CPU
		{02E1B10F-042B-4424-97AC-E13FA4B075CA}.Release|Any CPU.ActiveCfg = Release|Any CPU
		{02E1B10F-042B-4424-97AC-E13FA4B075CA}.Release|Any CPU.Build.0 = Release|Any CPU
	EndGlobalSection
	GlobalSection(SolutionProperties) = preSolution
		HideSolutionNode = FALSE
	EndGlobalSection
EndGlobal
